
Microsoft Visual Studio Solution File, Format Version 12.00
# Visual Studio Version 17
VisualStudioVersion = 17.9.34701.34
MinimumVisualStudioVersion = 10.0.40219.1
Project("{9A19103F-16F7-4668-BE54-9A1E7A4F7556}") = "MenuRestaurantWebAPP.MVC", "MenuRestaurantWebAPP.MVC\MenuRestaurantWebAPP.MVC.csproj", "{67A103CD-D1DB-4027-AC8B-72FBF35E21AD}"
EndProject
Project("{9A19103F-16F7-4668-BE54-9A1E7A4F7556}") = "MenuRestaurantWebAPP.Models", "MenuRestaurantWebAPP.Models\MenuRestaurantWebAPP.Models.csproj", "{B2C2F637-B808-4011-8304-8FF385D35194}"
EndProject
Project("{9A19103F-16F7-4668-BE54-9A1E7A4F7556}") = "MenuRestaurantWebAPP.Contexts", "MenuRestaurantWebAPP.Contexts\MenuRestaurantWebAPP.Contexts.csproj", "{04492E75-4481-4202-B4B1-61851932ABC5}"
EndProject
Project("{9A19103F-16F7-4668-BE54-9A1E7A4F7556}") = "MenuRestaurantWebAPP.ContextServices", "MenuRestaurantWebAPP.ContextServices\MenuRestaurantWebAPP.ContextServices.csproj", "{40FA4CA0-64B3-40A6-A1E6-CC5FA35BDA78}"
EndProject
Project("{E53339B2-1760-4266-BCC7-CA923CBCF16C}") = "docker-compose", "docker-compose.dcproj", "{34CB97C5-AB48-4FE2-A226-DEC673753AF3}"
EndProject
Global
	GlobalSection(SolutionConfigurationPlatforms) = preSolution
		Debug|Any CPU = Debug|Any CPU
		Release|Any CPU = Release|Any CPU
	EndGlobalSection
	GlobalSection(ProjectConfigurationPlatforms) = postSolution
		{67A103CD-D1DB-4027-AC8B-72FBF35E21AD}.Debug|Any CPU.ActiveCfg = Debug|Any CPU
		{67A103CD-D1DB-4027-AC8B-72FBF35E21AD}.Debug|Any CPU.Build.0 = Debug|Any CPU
		{67A103CD-D1DB-4027-AC8B-72FBF35E21AD}.Release|Any CPU.ActiveCfg = Release|Any CPU
		{67A103CD-D1DB-4027-AC8B-72FBF35E21AD}.Release|Any CPU.Build.0 = Release|Any CPU
		{B2C2F637-B808-4011-8304-8FF385D35194}.Debug|Any CPU.ActiveCfg = Debug|Any CPU
		{B2C2F637-B808-4011-8304-8FF385D35194}.Debug|Any CPU.Build.0 = Debug|Any CPU
		{B2C2F637-B808-4011-8304-8FF385D35194}.Release|Any CPU.ActiveCfg = Release|Any CPU
		{B2C2F637-B808-4011-8304-8FF385D35194}.Release|Any CPU.Build.0 = Release|Any CPU
		{04492E75-4481-4202-B4B1-61851932ABC5}.Debug|Any CPU.ActiveCfg = Debug|Any CPU
		{04492E75-4481-4202-B4B1-61851932ABC5}.Debug|Any CPU.Build.0 = Debug|Any CPU
		{04492E75-4481-4202-B4B1-61851932ABC5}.Release|Any CPU.ActiveCfg = Release|Any CPU
		{04492E75-4481-4202-B4B1-61851932ABC5}.Release|Any CPU.Build.0 = Release|Any CPU
		{40FA4CA0-64B3-40A6-A1E6-CC5FA35BDA78}.Debug|Any CPU.ActiveCfg = Debug|Any CPU
		{40FA4CA0-64B3-40A6-A1E6-CC5FA35BDA78}.Debug|Any CPU.Build.0 = Debug|Any CPU
		{40FA4CA0-64B3-40A6-A1E6-CC5FA35BDA78}.Release|Any CPU.ActiveCfg = Release|Any CPU
		{40FA4CA0-64B3-40A6-A1E6-CC5FA35BDA78}.Release|Any CPU.Build.0 = Release|Any CPU
		{34CB97C5-AB48-4FE2-A226-DEC673753AF3}.Debug|Any CPU.ActiveCfg = Debug|Any CPU
		{34CB97C5-AB48-4FE2-A226-DEC673753AF3}.Debug|Any CPU.Build.0 = Debug|Any CPU
		{34CB97C5-AB48-4FE2-A226-DEC673753AF3}.Release|Any CPU.ActiveCfg = Release|Any CPU
		{34CB97C5-AB48-4FE2-A226-DEC673753AF3}.Release|Any CPU.Build.0 = Release|Any CPU
	EndGlobalSection
	GlobalSection(SolutionProperties) = preSolution
		HideSolutionNode = FALSE
	EndGlobalSection
	GlobalSection(ExtensibilityGlobals) = postSolution
		SolutionGuid = {0AE211A0-9D06-4C6B-9592-33A23A5AD807}
	EndGlobalSection
EndGlobal
